
Microsoft Visual Studio Solution File, Format Version 12.00
# Visual Studio Version 17
VisualStudioVersion = 17.2.32616.157
MinimumVisualStudioVersion = 10.0.40219.1
Project("{FAE04EC0-301F-11D3-BF4B-00C04F79EFBC}") = "Client", "Client\Client.csproj", "{E0E160C9-2665-40BA-8522-C6A79C15A7F5}"
EndProject
Project("{FAE04EC0-301F-11D3-BF4B-00C04F79EFBC}") = "Server", "Server\Server.csproj", "{A8808EDF-6F0E-4FA5-8F94-A30EE87E5AF9}"
EndProject
Global
	GlobalSection(SolutionConfigurationPlatforms) = preSolution
		Debug|Any CPU = Debug|Any CPU
		Release|Any CPU = Release|Any CPU
	EndGlobalSection
	GlobalSection(ProjectConfigurationPlatforms) = postSolution
		{E0E160C9-2665-40BA-8522-C6A79C15A7F5}.Debug|Any CPU.ActiveCfg = Debug|Any CPU
		{E0E160C9-2665-40BA-8522-C6A79C15A7F5}.Debug|Any CPU.Build.0 = Debug|Any CPU
		{E0E160C9-2665-40BA-8522-C6A79C15A7F5}.Release|Any CPU.ActiveCfg = Release|Any CPU
		{E0E160C9-2665-40BA-8522-C6A79C15A7F5}.Release|Any CPU.Build.0 = Release|Any CPU
		{A8808EDF-6F0E-4FA5-8F94-A30EE87E5AF9}.Debug|Any CPU.ActiveCfg = Debug|Any CPU
		{A8808EDF-6F0E-4FA5-8F94-A30EE87E5AF9}.Debug|Any CPU.Build.0 = Debug|Any CPU
		{A8808EDF-6F0E-4FA5-8F94-A30EE87E5AF9}.Release|Any CPU.ActiveCfg = Release|Any CPU
		{A8808EDF-6F0E-4FA5-8F94-A30EE87E5AF9}.Release|Any CPU.Build.0 = Release|Any CPU
	EndGlobalSection
	GlobalSection(SolutionProperties) = preSolution
		HideSolutionNode = FALSE
	EndGlobalSection
	GlobalSection(ExtensibilityGlobals) = postSolution
		SolutionGuid = {D7FA61A0-6DAF-4FA6-BB38-6F0AF27418C1}
	EndGlobalSection
EndGlobal
