
Microsoft Visual Studio Solution File, Format Version 12.00
# Visual Studio Version 17
VisualStudioVersion = 17.2.32505.173
MinimumVisualStudioVersion = 10.0.40219.1
Project("{FAE04EC0-301F-11D3-BF4B-00C04F79EFBC}") = "Calculator", "Calculator\Calculator.csproj", "{21517805-6889-4134-9FE5-6D7BB53958A0}"
EndProject
Project("{FAE04EC0-301F-11D3-BF4B-00C04F79EFBC}") = "Login", "Login\Login.csproj", "{0BA0C948-3609-4F66-96A7-05F507915A87}"
EndProject
Project("{FAE04EC0-301F-11D3-BF4B-00C04F79EFBC}") = "PhanCongGVCN", "PhanCongGVCN\PhanCongGVCN.csproj", "{6596DEF9-54F8-4419-A623-91800D10755E}"
EndProject
Global
	GlobalSection(SolutionConfigurationPlatforms) = preSolution
		Debug|Any CPU = Debug|Any CPU
		Release|Any CPU = Release|Any CPU
	EndGlobalSection
	GlobalSection(ProjectConfigurationPlatforms) = postSolution
		{21517805-6889-4134-9FE5-6D7BB53958A0}.Debug|Any CPU.ActiveCfg = Debug|Any CPU
		{21517805-6889-4134-9FE5-6D7BB53958A0}.Debug|Any CPU.Build.0 = Debug|Any CPU
		{21517805-6889-4134-9FE5-6D7BB53958A0}.Release|Any CPU.ActiveCfg = Release|Any CPU
		{21517805-6889-4134-9FE5-6D7BB53958A0}.Release|Any CPU.Build.0 = Release|Any CPU
		{0BA0C948-3609-4F66-96A7-05F507915A87}.Debug|Any CPU.ActiveCfg = Debug|Any CPU
		{0BA0C948-3609-4F66-96A7-05F507915A87}.Debug|Any CPU.Build.0 = Debug|Any CPU
		{0BA0C948-3609-4F66-96A7-05F507915A87}.Release|Any CPU.ActiveCfg = Release|Any CPU
		{0BA0C948-3609-4F66-96A7-05F507915A87}.Release|Any CPU.Build.0 = Release|Any CPU
		{6596DEF9-54F8-4419-A623-91800D10755E}.Debug|Any CPU.ActiveCfg = Debug|Any CPU
		{6596DEF9-54F8-4419-A623-91800D10755E}.Debug|Any CPU.Build.0 = Debug|Any CPU
		{6596DEF9-54F8-4419-A623-91800D10755E}.Release|Any CPU.ActiveCfg = Release|Any CPU
		{6596DEF9-54F8-4419-A623-91800D10755E}.Release|Any CPU.Build.0 = Release|Any CPU
	EndGlobalSection
	GlobalSection(SolutionProperties) = preSolution
		HideSolutionNode = FALSE
	EndGlobalSection
	GlobalSection(ExtensibilityGlobals) = postSolution
		SolutionGuid = {D138F14F-2C31-43C6-A616-41434D050507}
	EndGlobalSection
EndGlobal
