
Microsoft Visual Studio Solution File, Format Version 12.00
# Visual Studio Version 16
VisualStudioVersion = 16.0.31702.278
MinimumVisualStudioVersion = 10.0.40219.1
Project("{FAE04EC0-301F-11D3-BF4B-00C04F79EFBC}") = "Client", "Client\Client.csproj", "{61EE8919-D07D-4ACC-B33B-0C310D575420}"
EndProject
Project("{FAE04EC0-301F-11D3-BF4B-00C04F79EFBC}") = "Server", "Server\Server.csproj", "{B08B1542-86CC-4E06-B991-3AD5287F225A}"
EndProject
Project("{FAE04EC0-301F-11D3-BF4B-00C04F79EFBC}") = "ClientStream", "ClientStream\ClientStream.csproj", "{2FAF4378-6EE9-429F-961A-E7ADC3169AFF}"
EndProject
Project("{FAE04EC0-301F-11D3-BF4B-00C04F79EFBC}") = "ServerStream", "ServerStream\ServerStream.csproj", "{D126FA85-828A-4406-8E8B-F49398504F1A}"
EndProject
Global
	GlobalSection(SolutionConfigurationPlatforms) = preSolution
		Debug|Any CPU = Debug|Any CPU
		Release|Any CPU = Release|Any CPU
	EndGlobalSection
	GlobalSection(ProjectConfigurationPlatforms) = postSolution
		{61EE8919-D07D-4ACC-B33B-0C310D575420}.Debug|Any CPU.ActiveCfg = Debug|Any CPU
		{61EE8919-D07D-4ACC-B33B-0C310D575420}.Debug|Any CPU.Build.0 = Debug|Any CPU
		{61EE8919-D07D-4ACC-B33B-0C310D575420}.Release|Any CPU.ActiveCfg = Release|Any CPU
		{61EE8919-D07D-4ACC-B33B-0C310D575420}.Release|Any CPU.Build.0 = Release|Any CPU
		{B08B1542-86CC-4E06-B991-3AD5287F225A}.Debug|Any CPU.ActiveCfg = Debug|Any CPU
		{B08B1542-86CC-4E06-B991-3AD5287F225A}.Debug|Any CPU.Build.0 = Debug|Any CPU
		{B08B1542-86CC-4E06-B991-3AD5287F225A}.Release|Any CPU.ActiveCfg = Release|Any CPU
		{B08B1542-86CC-4E06-B991-3AD5287F225A}.Release|Any CPU.Build.0 = Release|Any CPU
		{2FAF4378-6EE9-429F-961A-E7ADC3169AFF}.Debug|Any CPU.ActiveCfg = Debug|Any CPU
		{2FAF4378-6EE9-429F-961A-E7ADC3169AFF}.Debug|Any CPU.Build.0 = Debug|Any CPU
		{2FAF4378-6EE9-429F-961A-E7ADC3169AFF}.Release|Any CPU.ActiveCfg = Release|Any CPU
		{2FAF4378-6EE9-429F-961A-E7ADC3169AFF}.Release|Any CPU.Build.0 = Release|Any CPU
		{D126FA85-828A-4406-8E8B-F49398504F1A}.Debug|Any CPU.ActiveCfg = Debug|Any CPU
		{D126FA85-828A-4406-8E8B-F49398504F1A}.Debug|Any CPU.Build.0 = Debug|Any CPU
		{D126FA85-828A-4406-8E8B-F49398504F1A}.Release|Any CPU.ActiveCfg = Release|Any CPU
		{D126FA85-828A-4406-8E8B-F49398504F1A}.Release|Any CPU.Build.0 = Release|Any CPU
	EndGlobalSection
	GlobalSection(SolutionProperties) = preSolution
		HideSolutionNode = FALSE
	EndGlobalSection
	GlobalSection(ExtensibilityGlobals) = postSolution
		SolutionGuid = {0CC4692F-6D04-4D9B-8A5D-C95025BA77D2}
	EndGlobalSection
EndGlobal
