
Microsoft Visual Studio Solution File, Format Version 12.00
# Visual Studio Version 16
VisualStudioVersion = 16.0.31702.278
MinimumVisualStudioVersion = 10.0.40219.1
Project("{FAE04EC0-301F-11D3-BF4B-00C04F79EFBC}") = "WindowsFormsApp_SQLServer", "WindowsFormsApp_SQLServer\WindowsFormsApp_SQLServer.csproj", "{09178974-7F07-47C7-9897-E2AEAE4AEB23}"
EndProject
Global
	GlobalSection(SolutionConfigurationPlatforms) = preSolution
		Debug|Any CPU = Debug|Any CPU
		Release|Any CPU = Release|Any CPU
	EndGlobalSection
	GlobalSection(ProjectConfigurationPlatforms) = postSolution
		{09178974-7F07-47C7-9897-E2AEAE4AEB23}.Debug|Any CPU.ActiveCfg = Debug|Any CPU
		{09178974-7F07-47C7-9897-E2AEAE4AEB23}.Debug|Any CPU.Build.0 = Debug|Any CPU
		{09178974-7F07-47C7-9897-E2AEAE4AEB23}.Release|Any CPU.ActiveCfg = Release|Any CPU
		{09178974-7F07-47C7-9897-E2AEAE4AEB23}.Release|Any CPU.Build.0 = Release|Any CPU
	EndGlobalSection
	GlobalSection(SolutionProperties) = preSolution
		HideSolutionNode = FALSE
	EndGlobalSection
	GlobalSection(ExtensibilityGlobals) = postSolution
		SolutionGuid = {B0898932-2CE2-44DB-92E3-3C64A9358B58}
	EndGlobalSection
EndGlobal
